// !$*UTF8*$!
{
	archiveVersion = 1;
	classes = {
	};
	objectVersion = 46;
	objects = {

/* Begin PBXBuildFile section */
		2C9C3B3B19E9B11C00C79A29 /* AppDelegate.swift in Sources */ = {isa = PBXBuildFile; fileRef = 2C9C3B3A19E9B11C00C79A29 /* AppDelegate.swift */; };
		2C9C3B4019E9B11C00C79A29 /* Main.storyboard in Resources */ = {isa = PBXBuildFile; fileRef = 2C9C3B3E19E9B11C00C79A29 /* Main.storyboard */; };
		2C9C3B4219E9B11C00C79A29 /* Images.xcassets in Resources */ = {isa = PBXBuildFile; fileRef = 2C9C3B4119E9B11C00C79A29 /* Images.xcassets */; };
		2C9C3B4519E9B11C00C79A29 /* LaunchScreen.xib in Resources */ = {isa = PBXBuildFile; fileRef = 2C9C3B4319E9B11C00C79A29 /* LaunchScreen.xib */; };
		2C9C3B5119E9B11C00C79A29 /* FirstUI_HWTests.swift in Sources */ = {isa = PBXBuildFile; fileRef = 2C9C3B5019E9B11C00C79A29 /* FirstUI_HWTests.swift */; };
		2C9C3B5F19E9B33D00C79A29 /* PushViewController.swift in Sources */ = {isa = PBXBuildFile; fileRef = 2C9C3B5D19E9B33D00C79A29 /* PushViewController.swift */; };
		2C9C3B6019E9B33D00C79A29 /* PushViewController.xib in Resources */ = {isa = PBXBuildFile; fileRef = 2C9C3B5E19E9B33D00C79A29 /* PushViewController.xib */; };
/* End PBXBuildFile section */

/* Begin PBXContainerItemProxy section */
		2C9C3B4B19E9B11C00C79A29 /* PBXContainerItemProxy */ = {
			isa = PBXContainerItemProxy;
			containerPortal = 2C9C3B2D19E9B11C00C79A29 /* Project object */;
			proxyType = 1;
			remoteGlobalIDString = 2C9C3B3419E9B11C00C79A29;
			remoteInfo = FirstUI_HW;
		};
/* End PBXContainerItemProxy section */

/* Begin PBXFileReference section */
		2C9C3B3519E9B11C00C79A29 /* FirstUI_HW.app */ = {isa = PBXFileReference; explicitFileType = wrapper.application; includeInIndex = 0; path = FirstUI_HW.app; sourceTree = BUILT_PRODUCTS_DIR; };
		2C9C3B3919E9B11C00C79A29 /* Info.plist */ = {isa = PBXFileReference; lastKnownFileType = text.plist.xml; path = Info.plist; sourceTree = "<group>"; };
		2C9C3B3A19E9B11C00C79A29 /* AppDelegate.swift */ = {isa = PBXFileReference; lastKnownFileType = sourcecode.swift; path = AppDelegate.swift; sourceTree = "<group>"; };
		2C9C3B3F19E9B11C00C79A29 /* Base */ = {isa = PBXFileReference; lastKnownFileType = file.storyboard; name = Base; path = Base.lproj/Main.storyboard; sourceTree = "<group>"; };
		2C9C3B4119E9B11C00C79A29 /* Images.xcassets */ = {isa = PBXFileReference; lastKnownFileType = folder.assetcatalog; path = Images.xcassets; sourceTree = "<group>"; };
		2C9C3B4419E9B11C00C79A29 /* Base */ = {isa = PBXFileReference; lastKnownFileType = file.xib; name = Base; path = Base.lproj/LaunchScreen.xib; sourceTree = "<group>"; };
		2C9C3B4A19E9B11C00C79A29 /* FirstUI_HWTests.xctest */ = {isa = PBXFileReference; explicitFileType = wrapper.cfbundle; includeInIndex = 0; path = FirstUI_HWTests.xctest; sourceTree = BUILT_PRODUCTS_DIR; };
		2C9C3B4F19E9B11C00C79A29 /* Info.plist */ = {isa = PBXFileReference; lastKnownFileType = text.plist.xml; path = Info.plist; sourceTree = "<group>"; };
		2C9C3B5019E9B11C00C79A29 /* FirstUI_HWTests.swift */ = {isa = PBXFileReference; lastKnownFileType = sourcecode.swift; path = FirstUI_HWTests.swift; sourceTree = "<group>"; };
		2C9C3B5D19E9B33D00C79A29 /* PushViewController.swift */ = {isa = PBXFileReference; fileEncoding = 4; lastKnownFileType = sourcecode.swift; name = PushViewController.swift; path = MainViewController/PushViewController.swift; sourceTree = "<group>"; };
		2C9C3B5E19E9B33D00C79A29 /* PushViewController.xib */ = {isa = PBXFileReference; fileEncoding = 4; lastKnownFileType = file.xib; name = PushViewController.xib; path = MainViewController/PushViewController.xib; sourceTree = "<group>"; };
/* End PBXFileReference section */

/* Begin PBXFrameworksBuildPhase section */
		2C9C3B3219E9B11C00C79A29 /* Frameworks */ = {
			isa = PBXFrameworksBuildPhase;
			buildActionMask = 2147483647;
			files = (
			);
			runOnlyForDeploymentPostprocessing = 0;
		};
		2C9C3B4719E9B11C00C79A29 /* Frameworks */ = {
			isa = PBXFrameworksBuildPhase;
			buildActionMask = 2147483647;
			files = (
			);
			runOnlyForDeploymentPostprocessing = 0;
		};
/* End PBXFrameworksBuildPhase section */

/* Begin PBXGroup section */
		2C9C3B2C19E9B11C00C79A29 = {
			isa = PBXGroup;
			children = (
				2C9C3B3719E9B11C00C79A29 /* FirstUI_HW */,
				2C9C3B4D19E9B11C00C79A29 /* FirstUI_HWTests */,
				2C9C3B3619E9B11C00C79A29 /* Products */,
			);
			sourceTree = "<group>";
		};
		2C9C3B3619E9B11C00C79A29 /* Products */ = {
			isa = PBXGroup;
			children = (
				2C9C3B3519E9B11C00C79A29 /* FirstUI_HW.app */,
				2C9C3B4A19E9B11C00C79A29 /* FirstUI_HWTests.xctest */,
			);
			name = Products;
			sourceTree = "<group>";
		};
		2C9C3B3719E9B11C00C79A29 /* FirstUI_HW */ = {
			isa = PBXGroup;
			children = (
				2C9C3B5A19E9B2C100C79A29 /* AppDelegate */,
				2C9C3B3E19E9B11C00C79A29 /* Main.storyboard */,
				2C9C3B5C19E9B2FF00C79A29 /* Resources */,
				2C9C3B3819E9B11C00C79A29 /* Supporting Files */,
			);
			path = FirstUI_HW;
			sourceTree = "<group>";
		};
		2C9C3B3819E9B11C00C79A29 /* Supporting Files */ = {
			isa = PBXGroup;
			children = (
				2C9C3B3919E9B11C00C79A29 /* Info.plist */,
			);
			name = "Supporting Files";
			sourceTree = "<group>";
		};
		2C9C3B4D19E9B11C00C79A29 /* FirstUI_HWTests */ = {
			isa = PBXGroup;
			children = (
				2C9C3B5019E9B11C00C79A29 /* FirstUI_HWTests.swift */,
				2C9C3B4E19E9B11C00C79A29 /* Supporting Files */,
			);
			path = FirstUI_HWTests;
			sourceTree = "<group>";
		};
		2C9C3B4E19E9B11C00C79A29 /* Supporting Files */ = {
			isa = PBXGroup;
			children = (
				2C9C3B4F19E9B11C00C79A29 /* Info.plist */,
			);
			name = "Supporting Files";
			sourceTree = "<group>";
		};
		2C9C3B5A19E9B2C100C79A29 /* AppDelegate */ = {
			isa = PBXGroup;
			children = (
				2C9C3B3A19E9B11C00C79A29 /* AppDelegate.swift */,
				2C9C3B5B19E9B2D600C79A29 /* ViewControllers */,
			);
			name = AppDelegate;
			sourceTree = "<group>";
		};
		2C9C3B5B19E9B2D600C79A29 /* ViewControllers */ = {
			isa = PBXGroup;
			children = (
				2C9C3B6119E9B35000C79A29 /* PushViewController */,
			);
			name = ViewControllers;
			sourceTree = "<group>";
		};
		2C9C3B5C19E9B2FF00C79A29 /* Resources */ = {
			isa = PBXGroup;
			children = (
				2C9C3B4119E9B11C00C79A29 /* Images.xcassets */,
				2C9C3B4319E9B11C00C79A29 /* LaunchScreen.xib */,
			);
			name = Resources;
			sourceTree = "<group>";
		};
		2C9C3B6119E9B35000C79A29 /* PushViewController */ = {
			isa = PBXGroup;
			children = (
				2C9C3B5D19E9B33D00C79A29 /* PushViewController.swift */,
				2C9C3B5E19E9B33D00C79A29 /* PushViewController.xib */,
			);
			name = PushViewController;
			sourceTree = "<group>";
		};
/* End PBXGroup section */

/* Begin PBXNativeTarget section */
		2C9C3B3419E9B11C00C79A29 /* FirstUI_HW */ = {
			isa = PBXNativeTarget;
			buildConfigurationList = 2C9C3B5419E9B11C00C79A29 /* Build configuration list for PBXNativeTarget "FirstUI_HW" */;
			buildPhases = (
				2C9C3B3119E9B11C00C79A29 /* Sources */,
				2C9C3B3219E9B11C00C79A29 /* Frameworks */,
				2C9C3B3319E9B11C00C79A29 /* Resources */,
			);
			buildRules = (
			);
			dependencies = (
			);
			name = FirstUI_HW;
			productName = FirstUI_HW;
			productReference = 2C9C3B3519E9B11C00C79A29 /* FirstUI_HW.app */;
			productType = "com.apple.product-type.application";
		};
		2C9C3B4919E9B11C00C79A29 /* FirstUI_HWTests */ = {
			isa = PBXNativeTarget;
			buildConfigurationList = 2C9C3B5719E9B11C00C79A29 /* Build configuration list for PBXNativeTarget "FirstUI_HWTests" */;
			buildPhases = (
				2C9C3B4619E9B11C00C79A29 /* Sources */,
				2C9C3B4719E9B11C00C79A29 /* Frameworks */,
				2C9C3B4819E9B11C00C79A29 /* Resources */,
			);
			buildRules = (
			);
			dependencies = (
				2C9C3B4C19E9B11C00C79A29 /* PBXTargetDependency */,
			);
			name = FirstUI_HWTests;
			productName = FirstUI_HWTests;
			productReference = 2C9C3B4A19E9B11C00C79A29 /* FirstUI_HWTests.xctest */;
			productType = "com.apple.product-type.bundle.unit-test";
		};
/* End PBXNativeTarget section */

/* Begin PBXProject section */
		2C9C3B2D19E9B11C00C79A29 /* Project object */ = {
			isa = PBXProject;
			attributes = {
				LastUpgradeCheck = 0600;
				ORGANIZATIONNAME = Ivan;
				TargetAttributes = {
					2C9C3B3419E9B11C00C79A29 = {
						CreatedOnToolsVersion = 6.0;
					};
					2C9C3B4919E9B11C00C79A29 = {
						CreatedOnToolsVersion = 6.0;
						TestTargetID = 2C9C3B3419E9B11C00C79A29;
					};
				};
			};
			buildConfigurationList = 2C9C3B3019E9B11C00C79A29 /* Build configuration list for PBXProject "FirstUI_HW" */;
			compatibilityVersion = "Xcode 3.2";
			developmentRegion = English;
			hasScannedForEncodings = 0;
			knownRegions = (
				en,
				Base,
			);
			mainGroup = 2C9C3B2C19E9B11C00C79A29;
			productRefGroup = 2C9C3B3619E9B11C00C79A29 /* Products */;
			projectDirPath = "";
			projectRoot = "";
			targets = (
				2C9C3B3419E9B11C00C79A29 /* FirstUI_HW */,
				2C9C3B4919E9B11C00C79A29 /* FirstUI_HWTests */,
			);
		};
/* End PBXProject section */

/* Begin PBXResourcesBuildPhase section */
		2C9C3B3319E9B11C00C79A29 /* Resources */ = {
			isa = PBXResourcesBuildPhase;
			buildActionMask = 2147483647;
			files = (
				2C9C3B4019E9B11C00C79A29 /* Main.storyboard in Resources */,
				2C9C3B4519E9B11C00C79A29 /* LaunchScreen.xib in Resources */,
				2C9C3B4219E9B11C00C79A29 /* Images.xcassets in Resources */,
				2C9C3B6019E9B33D00C79A29 /* PushViewController.xib in Resources */,
			);
			runOnlyForDeploymentPostprocessing = 0;
		};
		2C9C3B4819E9B11C00C79A29 /* Resources */ = {
			isa = PBXResourcesBuildPhase;
			buildActionMask = 2147483647;
			files = (
			);
			runOnlyForDeploymentPostprocessing = 0;
		};
/* End PBXResourcesBuildPhase section */

/* Begin PBXSourcesBuildPhase section */
		2C9C3B3119E9B11C00C79A29 /* Sources */ = {
			isa = PBXSourcesBuildPhase;
			buildActionMask = 2147483647;
			files = (
				2C9C3B5F19E9B33D00C79A29 /* PushViewController.swift in Sources */,
				2C9C3B3B19E9B11C00C79A29 /* AppDelegate.swift in Sources */,
			);
			runOnlyForDeploymentPostprocessing = 0;
		};
		2C9C3B4619E9B11C00C79A29 /* Sources */ = {
			isa = PBXSourcesBuildPhase;
			buildActionMask = 2147483647;
			files = (
				2C9C3B5119E9B11C00C79A29 /* FirstUI_HWTests.swift in Sources */,
			);
			runOnlyForDeploymentPostprocessing = 0;
		};
/* End PBXSourcesBuildPhase section */

/* Begin PBXTargetDependency section */
		2C9C3B4C19E9B11C00C79A29 /* PBXTargetDependency */ = {
			isa = PBXTargetDependency;
			target = 2C9C3B3419E9B11C00C79A29 /* FirstUI_HW */;
			targetProxy = 2C9C3B4B19E9B11C00C79A29 /* PBXContainerItemProxy */;
		};
/* End PBXTargetDependency section */

/* Begin PBXVariantGroup section */
		2C9C3B3E19E9B11C00C79A29 /* Main.storyboard */ = {
			isa = PBXVariantGroup;
			children = (
				2C9C3B3F19E9B11C00C79A29 /* Base */,
			);
			name = Main.storyboard;
			sourceTree = "<group>";
		};
		2C9C3B4319E9B11C00C79A29 /* LaunchScreen.xib */ = {
			isa = PBXVariantGroup;
			children = (
				2C9C3B4419E9B11C00C79A29 /* Base */,
			);
			name = LaunchScreen.xib;
			sourceTree = "<group>";
		};
/* End PBXVariantGroup section */

/* Begin XCBuildConfiguration section */
		2C9C3B5219E9B11C00C79A29 /* Debug */ = {
			isa = XCBuildConfiguration;
			buildSettings = {
				ALWAYS_SEARCH_USER_PATHS = NO;
				CLANG_CXX_LANGUAGE_STANDARD = "gnu++0x";
				CLANG_CXX_LIBRARY = "libc++";
				CLANG_ENABLE_MODULES = YES;
				CLANG_ENABLE_OBJC_ARC = YES;
				CLANG_WARN_BOOL_CONVERSION = YES;
				CLANG_WARN_CONSTANT_CONVERSION = YES;
				CLANG_WARN_DIRECT_OBJC_ISA_USAGE = YES_ERROR;
				CLANG_WARN_EMPTY_BODY = YES;
				CLANG_WARN_ENUM_CONVERSION = YES;
				CLANG_WARN_INT_CONVERSION = YES;
				CLANG_WARN_OBJC_ROOT_CLASS = YES_ERROR;
				CLANG_WARN_UNREACHABLE_CODE = YES;
				CLANG_WARN__DUPLICATE_METHOD_MATCH = YES;
				"CODE_SIGN_IDENTITY[sdk=iphoneos*]" = "iPhone Developer";
				COPY_PHASE_STRIP = NO;
				ENABLE_STRICT_OBJC_MSGSEND = YES;
				GCC_C_LANGUAGE_STANDARD = gnu99;
				GCC_DYNAMIC_NO_PIC = NO;
				GCC_OPTIMIZATION_LEVEL = 0;
				GCC_PREPROCESSOR_DEFINITIONS = (
					"DEBUG=1",
					"$(inherited)",
				);
				GCC_SYMBOLS_PRIVATE_EXTERN = NO;
				GCC_WARN_64_TO_32_BIT_CONVERSION = YES;
				GCC_WARN_ABOUT_RETURN_TYPE = YES_ERROR;
				GCC_WARN_UNDECLARED_SELECTOR = YES;
				GCC_WARN_UNINITIALIZED_AUTOS = YES_AGGRESSIVE;
				GCC_WARN_UNUSED_FUNCTION = YES;
				GCC_WARN_UNUSED_VARIABLE = YES;
				IPHONEOS_DEPLOYMENT_TARGET = 8.0;
				MTL_ENABLE_DEBUG_INFO = YES;
				ONLY_ACTIVE_ARCH = YES;
				SDKROOT = iphoneos;
				SWIFT_OPTIMIZATION_LEVEL = "-Onone";
			};
			name = Debug;
		};
		2C9C3B5319E9B11C00C79A29 /* Release */ = {
			isa = XCBuildConfiguration;
			buildSettings = {
				ALWAYS_SEARCH_USER_PATHS = NO;
				CLANG_CXX_LANGUAGE_STANDARD = "gnu++0x";
				CLANG_CXX_LIBRARY = "libc++";
				CLANG_ENABLE_MODULES = YES;
				CLANG_ENABLE_OBJC_ARC = YES;
				CLANG_WARN_BOOL_CONVERSION = YES;
				CLANG_WARN_CONSTANT_CONVERSION = YES;
				CLANG_WARN_DIRECT_OBJC_ISA_USAGE = YES_ERROR;
				CLANG_WARN_EMPTY_BODY = YES;
				CLANG_WARN_ENUM_CONVERSION = YES;
				CLANG_WARN_INT_CONVERSION = YES;
				CLANG_WARN_OBJC_ROOT_CLASS = YES_ERROR;
				CLANG_WARN_UNREACHABLE_CODE = YES;
				CLANG_WARN__DUPLICATE_METHOD_MATCH = YES;
				"CODE_SIGN_IDENTITY[sdk=iphoneos*]" = "iPhone Developer";
				COPY_PHASE_STRIP = YES;
				ENABLE_NS_ASSERTIONS = NO;
				ENABLE_STRICT_OBJC_MSGSEND = YES;
				GCC_C_LANGUAGE_STANDARD = gnu99;
				GCC_WARN_64_TO_32_BIT_CONVERSION = YES;
				GCC_WARN_ABOUT_RETURN_TYPE = YES_ERROR;
				GCC_WARN_UNDECLARED_SELECTOR = YES;
				GCC_WARN_UNINITIALIZED_AUTOS = YES_AGGRESSIVE;
				GCC_WARN_UNUSED_FUNCTION = YES;
				GCC_WARN_UNUSED_VARIABLE = YES;
				IPHONEOS_DEPLOYMENT_TARGET = 8.0;
				MTL_ENABLE_DEBUG_INFO = NO;
				SDKROOT = iphoneos;
				VALIDATE_PRODUCT = YES;
			};
			name = Release;
		};
		2C9C3B5519E9B11C00C79A29 /* Debug */ = {
			isa = XCBuildConfiguration;
			buildSettings = {
				ASSETCATALOG_COMPILER_APPICON_NAME = AppIcon;
				INFOPLIST_FILE = FirstUI_HW/Info.plist;
				LD_RUNPATH_SEARCH_PATHS = "$(inherited) @executable_path/Frameworks";
				PRODUCT_NAME = "$(TARGET_NAME)";
			};
			name = Debug;
		};
		2C9C3B5619E9B11C00C79A29 /* Release */ = {
			isa = XCBuildConfiguration;
			buildSettings = {
				ASSETCATALOG_COMPILER_APPICON_NAME = AppIcon;
				INFOPLIST_FILE = FirstUI_HW/Info.plist;
				LD_RUNPATH_SEARCH_PATHS = "$(inherited) @executable_path/Frameworks";
				PRODUCT_NAME = "$(TARGET_NAME)";
			};
			name = Release;
		};
		2C9C3B5819E9B11C00C79A29 /* Debug */ = {
			isa = XCBuildConfiguration;
			buildSettings = {
				BUNDLE_LOADER = "$(TEST_HOST)";
				FRAMEWORK_SEARCH_PATHS = (
					"$(SDKROOT)/Developer/Library/Frameworks",
					"$(inherited)",
				);
				GCC_PREPROCESSOR_DEFINITIONS = (
					"DEBUG=1",
					"$(inherited)",
				);
				INFOPLIST_FILE = FirstUI_HWTests/Info.plist;
				LD_RUNPATH_SEARCH_PATHS = "$(inherited) @executable_path/Frameworks @loader_path/Frameworks";
				PRODUCT_NAME = "$(TARGET_NAME)";
				TEST_HOST = "$(BUILT_PRODUCTS_DIR)/FirstUI_HW.app/FirstUI_HW";
			};
			name = Debug;
		};
		2C9C3B5919E9B11C00C79A29 /* Release */ = {
			isa = XCBuildConfiguration;
			buildSettings = {
				BUNDLE_LOADER = "$(TEST_HOST)";
				FRAMEWORK_SEARCH_PATHS = (
					"$(SDKROOT)/Developer/Library/Frameworks",
					"$(inherited)",
				);
				INFOPLIST_FILE = FirstUI_HWTests/Info.plist;
				LD_RUNPATH_SEARCH_PATHS = "$(inherited) @executable_path/Frameworks @loader_path/Frameworks";
				PRODUCT_NAME = "$(TARGET_NAME)";
				TEST_HOST = "$(BUILT_PRODUCTS_DIR)/FirstUI_HW.app/FirstUI_HW";
			};
			name = Release;
		};
/* End XCBuildConfiguration section */

/* Begin XCConfigurationList section */
		2C9C3B3019E9B11C00C79A29 /* Build configuration list for PBXProject "FirstUI_HW" */ = {
			isa = XCConfigurationList;
			buildConfigurations = (
				2C9C3B5219E9B11C00C79A29 /* Debug */,
				2C9C3B5319E9B11C00C79A29 /* Release */,
			);
			defaultConfigurationIsVisible = 0;
			defaultConfigurationName = Release;
		};
		2C9C3B5419E9B11C00C79A29 /* Build configuration list for PBXNativeTarget "FirstUI_HW" */ = {
			isa = XCConfigurationList;
			buildConfigurations = (
				2C9C3B5519E9B11C00C79A29 /* Debug */,
				2C9C3B5619E9B11C00C79A29 /* Release */,
			);
			defaultConfigurationIsVisible = 0;
		};
		2C9C3B5719E9B11C00C79A29 /* Build configuration list for PBXNativeTarget "FirstUI_HWTests" */ = {
			isa = XCConfigurationList;
			buildConfigurations = (
				2C9C3B5819E9B11C00C79A29 /* Debug */,
				2C9C3B5919E9B11C00C79A29 /* Release */,
			);
			defaultConfigurationIsVisible = 0;
		};
/* End XCConfigurationList section */
	};
	rootObject = 2C9C3B2D19E9B11C00C79A29 /* Project object */;
}
