// !$*UTF8*$!
{
	archiveVersion = 1;
	classes = {
	};
	objectVersion = 46;
	objects = {

/* Begin PBXBuildFile section */
		2C9C3AC919E5CC5D00C79A29 /* AppDelegate.swift in Sources */ = {isa = PBXBuildFile; fileRef = 2C9C3AC819E5CC5D00C79A29 /* AppDelegate.swift */; };
		2C9C3ACB19E5CC5D00C79A29 /* ViewController.swift in Sources */ = {isa = PBXBuildFile; fileRef = 2C9C3ACA19E5CC5D00C79A29 /* ViewController.swift */; };
		2C9C3ACE19E5CC5D00C79A29 /* Main.storyboard in Resources */ = {isa = PBXBuildFile; fileRef = 2C9C3ACC19E5CC5D00C79A29 /* Main.storyboard */; };
		2C9C3AD019E5CC5D00C79A29 /* Images.xcassets in Resources */ = {isa = PBXBuildFile; fileRef = 2C9C3ACF19E5CC5D00C79A29 /* Images.xcassets */; };
		2C9C3AD319E5CC5D00C79A29 /* LaunchScreen.xib in Resources */ = {isa = PBXBuildFile; fileRef = 2C9C3AD119E5CC5D00C79A29 /* LaunchScreen.xib */; };
		2C9C3ADF19E5CC5D00C79A29 /* UIBasicsTests.swift in Sources */ = {isa = PBXBuildFile; fileRef = 2C9C3ADE19E5CC5D00C79A29 /* UIBasicsTests.swift */; };
/* End PBXBuildFile section */

/* Begin PBXContainerItemProxy section */
		2C9C3AD919E5CC5D00C79A29 /* PBXContainerItemProxy */ = {
			isa = PBXContainerItemProxy;
			containerPortal = 2C9C3ABB19E5CC5D00C79A29 /* Project object */;
			proxyType = 1;
			remoteGlobalIDString = 2C9C3AC219E5CC5D00C79A29;
			remoteInfo = UIBasics;
		};
/* End PBXContainerItemProxy section */

/* Begin PBXFileReference section */
		2C9C3AC319E5CC5D00C79A29 /* UIBasics.app */ = {isa = PBXFileReference; explicitFileType = wrapper.application; includeInIndex = 0; path = UIBasics.app; sourceTree = BUILT_PRODUCTS_DIR; };
		2C9C3AC719E5CC5D00C79A29 /* Info.plist */ = {isa = PBXFileReference; lastKnownFileType = text.plist.xml; path = Info.plist; sourceTree = "<group>"; };
		2C9C3AC819E5CC5D00C79A29 /* AppDelegate.swift */ = {isa = PBXFileReference; lastKnownFileType = sourcecode.swift; path = AppDelegate.swift; sourceTree = "<group>"; };
		2C9C3ACA19E5CC5D00C79A29 /* ViewController.swift */ = {isa = PBXFileReference; lastKnownFileType = sourcecode.swift; path = ViewController.swift; sourceTree = "<group>"; };
		2C9C3ACD19E5CC5D00C79A29 /* Base */ = {isa = PBXFileReference; lastKnownFileType = file.storyboard; name = Base; path = Base.lproj/Main.storyboard; sourceTree = "<group>"; };
		2C9C3ACF19E5CC5D00C79A29 /* Images.xcassets */ = {isa = PBXFileReference; lastKnownFileType = folder.assetcatalog; path = Images.xcassets; sourceTree = "<group>"; };
		2C9C3AD219E5CC5D00C79A29 /* Base */ = {isa = PBXFileReference; lastKnownFileType = file.xib; name = Base; path = Base.lproj/LaunchScreen.xib; sourceTree = "<group>"; };
		2C9C3AD819E5CC5D00C79A29 /* UIBasicsTests.xctest */ = {isa = PBXFileReference; explicitFileType = wrapper.cfbundle; includeInIndex = 0; path = UIBasicsTests.xctest; sourceTree = BUILT_PRODUCTS_DIR; };
		2C9C3ADD19E5CC5D00C79A29 /* Info.plist */ = {isa = PBXFileReference; lastKnownFileType = text.plist.xml; path = Info.plist; sourceTree = "<group>"; };
		2C9C3ADE19E5CC5D00C79A29 /* UIBasicsTests.swift */ = {isa = PBXFileReference; lastKnownFileType = sourcecode.swift; path = UIBasicsTests.swift; sourceTree = "<group>"; };
/* End PBXFileReference section */

/* Begin PBXFrameworksBuildPhase section */
		2C9C3AC019E5CC5D00C79A29 /* Frameworks */ = {
			isa = PBXFrameworksBuildPhase;
			buildActionMask = 2147483647;
			files = (
			);
			runOnlyForDeploymentPostprocessing = 0;
		};
		2C9C3AD519E5CC5D00C79A29 /* Frameworks */ = {
			isa = PBXFrameworksBuildPhase;
			buildActionMask = 2147483647;
			files = (
			);
			runOnlyForDeploymentPostprocessing = 0;
		};
/* End PBXFrameworksBuildPhase section */

/* Begin PBXGroup section */
		2C9C3ABA19E5CC5D00C79A29 = {
			isa = PBXGroup;
			children = (
				2C9C3AC519E5CC5D00C79A29 /* UIBasics */,
				2C9C3ADB19E5CC5D00C79A29 /* UIBasicsTests */,
				2C9C3AC419E5CC5D00C79A29 /* Products */,
			);
			sourceTree = "<group>";
		};
		2C9C3AC419E5CC5D00C79A29 /* Products */ = {
			isa = PBXGroup;
			children = (
				2C9C3AC319E5CC5D00C79A29 /* UIBasics.app */,
				2C9C3AD819E5CC5D00C79A29 /* UIBasicsTests.xctest */,
			);
			name = Products;
			sourceTree = "<group>";
		};
		2C9C3AC519E5CC5D00C79A29 /* UIBasics */ = {
			isa = PBXGroup;
			children = (
				2C9C3AC819E5CC5D00C79A29 /* AppDelegate.swift */,
				2C9C3ACA19E5CC5D00C79A29 /* ViewController.swift */,
				2C9C3ACC19E5CC5D00C79A29 /* Main.storyboard */,
				2C9C3ACF19E5CC5D00C79A29 /* Images.xcassets */,
				2C9C3AD119E5CC5D00C79A29 /* LaunchScreen.xib */,
				2C9C3AC619E5CC5D00C79A29 /* Supporting Files */,
			);
			path = UIBasics;
			sourceTree = "<group>";
		};
		2C9C3AC619E5CC5D00C79A29 /* Supporting Files */ = {
			isa = PBXGroup;
			children = (
				2C9C3AC719E5CC5D00C79A29 /* Info.plist */,
			);
			name = "Supporting Files";
			sourceTree = "<group>";
		};
		2C9C3ADB19E5CC5D00C79A29 /* UIBasicsTests */ = {
			isa = PBXGroup;
			children = (
				2C9C3ADE19E5CC5D00C79A29 /* UIBasicsTests.swift */,
				2C9C3ADC19E5CC5D00C79A29 /* Supporting Files */,
			);
			path = UIBasicsTests;
			sourceTree = "<group>";
		};
		2C9C3ADC19E5CC5D00C79A29 /* Supporting Files */ = {
			isa = PBXGroup;
			children = (
				2C9C3ADD19E5CC5D00C79A29 /* Info.plist */,
			);
			name = "Supporting Files";
			sourceTree = "<group>";
		};
/* End PBXGroup section */

/* Begin PBXNativeTarget section */
		2C9C3AC219E5CC5D00C79A29 /* UIBasics */ = {
			isa = PBXNativeTarget;
			buildConfigurationList = 2C9C3AE219E5CC5D00C79A29 /* Build configuration list for PBXNativeTarget "UIBasics" */;
			buildPhases = (
				2C9C3ABF19E5CC5D00C79A29 /* Sources */,
				2C9C3AC019E5CC5D00C79A29 /* Frameworks */,
				2C9C3AC119E5CC5D00C79A29 /* Resources */,
			);
			buildRules = (
			);
			dependencies = (
			);
			name = UIBasics;
			productName = UIBasics;
			productReference = 2C9C3AC319E5CC5D00C79A29 /* UIBasics.app */;
			productType = "com.apple.product-type.application";
		};
		2C9C3AD719E5CC5D00C79A29 /* UIBasicsTests */ = {
			isa = PBXNativeTarget;
			buildConfigurationList = 2C9C3AE519E5CC5D00C79A29 /* Build configuration list for PBXNativeTarget "UIBasicsTests" */;
			buildPhases = (
				2C9C3AD419E5CC5D00C79A29 /* Sources */,
				2C9C3AD519E5CC5D00C79A29 /* Frameworks */,
				2C9C3AD619E5CC5D00C79A29 /* Resources */,
			);
			buildRules = (
			);
			dependencies = (
				2C9C3ADA19E5CC5D00C79A29 /* PBXTargetDependency */,
			);
			name = UIBasicsTests;
			productName = UIBasicsTests;
			productReference = 2C9C3AD819E5CC5D00C79A29 /* UIBasicsTests.xctest */;
			productType = "com.apple.product-type.bundle.unit-test";
		};
/* End PBXNativeTarget section */

/* Begin PBXProject section */
		2C9C3ABB19E5CC5D00C79A29 /* Project object */ = {
			isa = PBXProject;
			attributes = {
				LastUpgradeCheck = 0600;
				ORGANIZATIONNAME = Ivan;
				TargetAttributes = {
					2C9C3AC219E5CC5D00C79A29 = {
						CreatedOnToolsVersion = 6.0;
					};
					2C9C3AD719E5CC5D00C79A29 = {
						CreatedOnToolsVersion = 6.0;
						TestTargetID = 2C9C3AC219E5CC5D00C79A29;
					};
				};
			};
			buildConfigurationList = 2C9C3ABE19E5CC5D00C79A29 /* Build configuration list for PBXProject "UIBasics" */;
			compatibilityVersion = "Xcode 3.2";
			developmentRegion = English;
			hasScannedForEncodings = 0;
			knownRegions = (
				en,
				Base,
			);
			mainGroup = 2C9C3ABA19E5CC5D00C79A29;
			productRefGroup = 2C9C3AC419E5CC5D00C79A29 /* Products */;
			projectDirPath = "";
			projectRoot = "";
			targets = (
				2C9C3AC219E5CC5D00C79A29 /* UIBasics */,
				2C9C3AD719E5CC5D00C79A29 /* UIBasicsTests */,
			);
		};
/* End PBXProject section */

/* Begin PBXResourcesBuildPhase section */
		2C9C3AC119E5CC5D00C79A29 /* Resources */ = {
			isa = PBXResourcesBuildPhase;
			buildActionMask = 2147483647;
			files = (
				2C9C3ACE19E5CC5D00C79A29 /* Main.storyboard in Resources */,
				2C9C3AD319E5CC5D00C79A29 /* LaunchScreen.xib in Resources */,
				2C9C3AD019E5CC5D00C79A29 /* Images.xcassets in Resources */,
			);
			runOnlyForDeploymentPostprocessing = 0;
		};
		2C9C3AD619E5CC5D00C79A29 /* Resources */ = {
			isa = PBXResourcesBuildPhase;
			buildActionMask = 2147483647;
			files = (
			);
			runOnlyForDeploymentPostprocessing = 0;
		};
/* End PBXResourcesBuildPhase section */

/* Begin PBXSourcesBuildPhase section */
		2C9C3ABF19E5CC5D00C79A29 /* Sources */ = {
			isa = PBXSourcesBuildPhase;
			buildActionMask = 2147483647;
			files = (
				2C9C3ACB19E5CC5D00C79A29 /* ViewController.swift in Sources */,
				2C9C3AC919E5CC5D00C79A29 /* AppDelegate.swift in Sources */,
			);
			runOnlyForDeploymentPostprocessing = 0;
		};
		2C9C3AD419E5CC5D00C79A29 /* Sources */ = {
			isa = PBXSourcesBuildPhase;
			buildActionMask = 2147483647;
			files = (
				2C9C3ADF19E5CC5D00C79A29 /* UIBasicsTests.swift in Sources */,
			);
			runOnlyForDeploymentPostprocessing = 0;
		};
/* End PBXSourcesBuildPhase section */

/* Begin PBXTargetDependency section */
		2C9C3ADA19E5CC5D00C79A29 /* PBXTargetDependency */ = {
			isa = PBXTargetDependency;
			target = 2C9C3AC219E5CC5D00C79A29 /* UIBasics */;
			targetProxy = 2C9C3AD919E5CC5D00C79A29 /* PBXContainerItemProxy */;
		};
/* End PBXTargetDependency section */

/* Begin PBXVariantGroup section */
		2C9C3ACC19E5CC5D00C79A29 /* Main.storyboard */ = {
			isa = PBXVariantGroup;
			children = (
				2C9C3ACD19E5CC5D00C79A29 /* Base */,
			);
			name = Main.storyboard;
			sourceTree = "<group>";
		};
		2C9C3AD119E5CC5D00C79A29 /* LaunchScreen.xib */ = {
			isa = PBXVariantGroup;
			children = (
				2C9C3AD219E5CC5D00C79A29 /* Base */,
			);
			name = LaunchScreen.xib;
			sourceTree = "<group>";
		};
/* End PBXVariantGroup section */

/* Begin XCBuildConfiguration section */
		2C9C3AE019E5CC5D00C79A29 /* Debug */ = {
			isa = XCBuildConfiguration;
			buildSettings = {
				ALWAYS_SEARCH_USER_PATHS = NO;
				CLANG_CXX_LANGUAGE_STANDARD = "gnu++0x";
				CLANG_CXX_LIBRARY = "libc++";
				CLANG_ENABLE_MODULES = YES;
				CLANG_ENABLE_OBJC_ARC = YES;
				CLANG_WARN_BOOL_CONVERSION = YES;
				CLANG_WARN_CONSTANT_CONVERSION = YES;
				CLANG_WARN_DIRECT_OBJC_ISA_USAGE = YES_ERROR;
				CLANG_WARN_EMPTY_BODY = YES;
				CLANG_WARN_ENUM_CONVERSION = YES;
				CLANG_WARN_INT_CONVERSION = YES;
				CLANG_WARN_OBJC_ROOT_CLASS = YES_ERROR;
				CLANG_WARN_UNREACHABLE_CODE = YES;
				CLANG_WARN__DUPLICATE_METHOD_MATCH = YES;
				"CODE_SIGN_IDENTITY[sdk=iphoneos*]" = "iPhone Developer";
				COPY_PHASE_STRIP = NO;
				ENABLE_STRICT_OBJC_MSGSEND = YES;
				GCC_C_LANGUAGE_STANDARD = gnu99;
				GCC_DYNAMIC_NO_PIC = NO;
				GCC_OPTIMIZATION_LEVEL = 0;
				GCC_PREPROCESSOR_DEFINITIONS = (
					"DEBUG=1",
					"$(inherited)",
				);
				GCC_SYMBOLS_PRIVATE_EXTERN = NO;
				GCC_WARN_64_TO_32_BIT_CONVERSION = YES;
				GCC_WARN_ABOUT_RETURN_TYPE = YES_ERROR;
				GCC_WARN_UNDECLARED_SELECTOR = YES;
				GCC_WARN_UNINITIALIZED_AUTOS = YES_AGGRESSIVE;
				GCC_WARN_UNUSED_FUNCTION = YES;
				GCC_WARN_UNUSED_VARIABLE = YES;
				IPHONEOS_DEPLOYMENT_TARGET = 8.0;
				MTL_ENABLE_DEBUG_INFO = YES;
				ONLY_ACTIVE_ARCH = YES;
				SDKROOT = iphoneos;
				SWIFT_OPTIMIZATION_LEVEL = "-Onone";
			};
			name = Debug;
		};
		2C9C3AE119E5CC5D00C79A29 /* Release */ = {
			isa = XCBuildConfiguration;
			buildSettings = {
				ALWAYS_SEARCH_USER_PATHS = NO;
				CLANG_CXX_LANGUAGE_STANDARD = "gnu++0x";
				CLANG_CXX_LIBRARY = "libc++";
				CLANG_ENABLE_MODULES = YES;
				CLANG_ENABLE_OBJC_ARC = YES;
				CLANG_WARN_BOOL_CONVERSION = YES;
				CLANG_WARN_CONSTANT_CONVERSION = YES;
				CLANG_WARN_DIRECT_OBJC_ISA_USAGE = YES_ERROR;
				CLANG_WARN_EMPTY_BODY = YES;
				CLANG_WARN_ENUM_CONVERSION = YES;
				CLANG_WARN_INT_CONVERSION = YES;
				CLANG_WARN_OBJC_ROOT_CLASS = YES_ERROR;
				CLANG_WARN_UNREACHABLE_CODE = YES;
				CLANG_WARN__DUPLICATE_METHOD_MATCH = YES;
				"CODE_SIGN_IDENTITY[sdk=iphoneos*]" = "iPhone Developer";
				COPY_PHASE_STRIP = YES;
				ENABLE_NS_ASSERTIONS = NO;
				ENABLE_STRICT_OBJC_MSGSEND = YES;
				GCC_C_LANGUAGE_STANDARD = gnu99;
				GCC_WARN_64_TO_32_BIT_CONVERSION = YES;
				GCC_WARN_ABOUT_RETURN_TYPE = YES_ERROR;
				GCC_WARN_UNDECLARED_SELECTOR = YES;
				GCC_WARN_UNINITIALIZED_AUTOS = YES_AGGRESSIVE;
				GCC_WARN_UNUSED_FUNCTION = YES;
				GCC_WARN_UNUSED_VARIABLE = YES;
				IPHONEOS_DEPLOYMENT_TARGET = 8.0;
				MTL_ENABLE_DEBUG_INFO = NO;
				SDKROOT = iphoneos;
				VALIDATE_PRODUCT = YES;
			};
			name = Release;
		};
		2C9C3AE319E5CC5D00C79A29 /* Debug */ = {
			isa = XCBuildConfiguration;
			buildSettings = {
				ASSETCATALOG_COMPILER_APPICON_NAME = AppIcon;
				INFOPLIST_FILE = UIBasics/Info.plist;
				LD_RUNPATH_SEARCH_PATHS = "$(inherited) @executable_path/Frameworks";
				PRODUCT_NAME = "$(TARGET_NAME)";
				TARGETED_DEVICE_FAMILY = 1;
			};
			name = Debug;
		};
		2C9C3AE419E5CC5D00C79A29 /* Release */ = {
			isa = XCBuildConfiguration;
			buildSettings = {
				ASSETCATALOG_COMPILER_APPICON_NAME = AppIcon;
				INFOPLIST_FILE = UIBasics/Info.plist;
				LD_RUNPATH_SEARCH_PATHS = "$(inherited) @executable_path/Frameworks";
				PRODUCT_NAME = "$(TARGET_NAME)";
				TARGETED_DEVICE_FAMILY = 1;
			};
			name = Release;
		};
		2C9C3AE619E5CC5D00C79A29 /* Debug */ = {
			isa = XCBuildConfiguration;
			buildSettings = {
				BUNDLE_LOADER = "$(TEST_HOST)";
				FRAMEWORK_SEARCH_PATHS = (
					"$(SDKROOT)/Developer/Library/Frameworks",
					"$(inherited)",
				);
				GCC_PREPROCESSOR_DEFINITIONS = (
					"DEBUG=1",
					"$(inherited)",
				);
				INFOPLIST_FILE = UIBasicsTests/Info.plist;
				LD_RUNPATH_SEARCH_PATHS = "$(inherited) @executable_path/Frameworks @loader_path/Frameworks";
				PRODUCT_NAME = "$(TARGET_NAME)";
				TEST_HOST = "$(BUILT_PRODUCTS_DIR)/UIBasics.app/UIBasics";
			};
			name = Debug;
		};
		2C9C3AE719E5CC5D00C79A29 /* Release */ = {
			isa = XCBuildConfiguration;
			buildSettings = {
				BUNDLE_LOADER = "$(TEST_HOST)";
				FRAMEWORK_SEARCH_PATHS = (
					"$(SDKROOT)/Developer/Library/Frameworks",
					"$(inherited)",
				);
				INFOPLIST_FILE = UIBasicsTests/Info.plist;
				LD_RUNPATH_SEARCH_PATHS = "$(inherited) @executable_path/Frameworks @loader_path/Frameworks";
				PRODUCT_NAME = "$(TARGET_NAME)";
				TEST_HOST = "$(BUILT_PRODUCTS_DIR)/UIBasics.app/UIBasics";
			};
			name = Release;
		};
/* End XCBuildConfiguration section */

/* Begin XCConfigurationList section */
		2C9C3ABE19E5CC5D00C79A29 /* Build configuration list for PBXProject "UIBasics" */ = {
			isa = XCConfigurationList;
			buildConfigurations = (
				2C9C3AE019E5CC5D00C79A29 /* Debug */,
				2C9C3AE119E5CC5D00C79A29 /* Release */,
			);
			defaultConfigurationIsVisible = 0;
			defaultConfigurationName = Release;
		};
		2C9C3AE219E5CC5D00C79A29 /* Build configuration list for PBXNativeTarget "UIBasics" */ = {
			isa = XCConfigurationList;
			buildConfigurations = (
				2C9C3AE319E5CC5D00C79A29 /* Debug */,
				2C9C3AE419E5CC5D00C79A29 /* Release */,
			);
			defaultConfigurationIsVisible = 0;
		};
		2C9C3AE519E5CC5D00C79A29 /* Build configuration list for PBXNativeTarget "UIBasicsTests" */ = {
			isa = XCConfigurationList;
			buildConfigurations = (
				2C9C3AE619E5CC5D00C79A29 /* Debug */,
				2C9C3AE719E5CC5D00C79A29 /* Release */,
			);
			defaultConfigurationIsVisible = 0;
		};
/* End XCConfigurationList section */
	};
	rootObject = 2C9C3ABB19E5CC5D00C79A29 /* Project object */;
}
